github.com/Bios-Marcel/wastebasket v0.0.0-20190304193457-ba788b19da79 h1:Sl/dpj/KqjXaqEsZhEGlTEIcGqnBW8Oy71UfpjHKUic=
github.com/Bios-Marcel/wastebasket v0.0.0-20190304193457-ba788b19da79/go.mod h1:C9joOaYXk4dxd98yWfxg8imfNq5Zyyc2CnH8eExIEro=
github.com/h2non/filetype v1.0.8 h1:le8gpf+FQA0/DlDABbtisA1KiTS0Xi+YSC/E8yY3Y14=
github.com/h2non/filetype v1.0.8/go.mod h1:isekKqOuhMj+s/7r3rIeTErIRy4Rub5uBWHfvMusLMU=
github.com/karrick/godirwalk v1.8.0 h1:ycpSqVon/QJJoaT1t8sae0tp1Stg21j+dyuS7OoagcA=
github.com/karrick/godirwalk v1.8.0/go.mod h1:H5KPZjojv4lE+QYImBI8xVtrBRgYrIVsaRPx4tDPEn4=
github.com/lcserny/goutils v1.0.8 h1:ljTvknOZFgv5lsJokYPgY/3EkwlJJeZ4sKXA+25VAkw=
github.com/lcserny/goutils v1.0.8/go.mod h1:w170imEeFxJY6RxDvZ85ZOU2VMiZBqfHNvWATCKqOmg=
github.com/pkg/browser v0.0.0-20180916011732-0a3d74bf9ce4 h1:49lOXmGaUpV9Fz3gd7TFZY106KVlPVa5jcYD1gaQf98=
github.com/pkg/browser v0.0.0-20180916011732-0a3d74bf9ce4/go.mod h1:4OwLy04Bl9Ef3GJJCoec+30X3LQs/0/m4HFRt/2LUSA=
github.com/pkg/errors v0.8.1 h1:iURUrRGxPUNPdy5/HRSm+Yj6okJ6UtLINN0Q9M4+h3I=
github.com/pkg/errors v0.8.1/go.mod h1:bwawxfHBFNV+L2hUp1rHADufV3IMtnDRdf1r5NINEl0=
github.com/ryanbradynd05/go-tmdb v0.0.0-20181220020137-291a20d25ffd h1:u2QODuSimmxBHwbYs2+AEJ+fgaLicaf3zEoOMNmntzs=
github.com/ryanbradynd05/go-tmdb v0.0.0-20181220020137-291a20d25ffd/go.mod h1:k/112WTJ3EoR7wjhtx8kOXO22CKNvJy+rNzGPXnuEsI=
